
Microsoft Visual Studio Solution File, Format Version 12.00
# Visual Studio Version 17
VisualStudioVersion = 17.3.32929.385
MinimumVisualStudioVersion = 10.0.40219.1
Project("{FAE04EC0-301F-11D3-BF4B-00C04F79EFBC}") = "Final_Project", "Final_Project\Final_Project.csproj", "{036A3607-816A-4F3F-9A23-9C35FD392F45}"
EndProject
Global
	GlobalSection(SolutionConfigurationPlatforms) = preSolution
		Debug|Any CPU = Debug|Any CPU
		Release|Any CPU = Release|Any CPU
	EndGlobalSection
	GlobalSection(ProjectConfigurationPlatforms) = postSolution
		{036A3607-816A-4F3F-9A23-9C35FD392F45}.Debug|Any CPU.ActiveCfg = Debug|Any CPU
		{036A3607-816A-4F3F-9A23-9C35FD392F45}.Debug|Any CPU.Build.0 = Debug|Any CPU
		{036A3607-816A-4F3F-9A23-9C35FD392F45}.Release|Any CPU.ActiveCfg = Release|Any CPU
		{036A3607-816A-4F3F-9A23-9C35FD392F45}.Release|Any CPU.Build.0 = Release|Any CPU
	EndGlobalSection
	GlobalSection(SolutionProperties) = preSolution
		HideSolutionNode = FALSE
	EndGlobalSection
	GlobalSection(ExtensibilityGlobals) = postSolution
		SolutionGuid = {2A5554C9-7191-437C-AE0D-C0292F4EA35A}
	EndGlobalSection
EndGlobal
